
Microsoft Visual Studio Solution File, Format Version 12.00
# Visual Studio Version 16
VisualStudioVersion = 16.0.31911.196
MinimumVisualStudioVersion = 10.0.40219.1
Project("{FAE04EC0-301F-11D3-BF4B-00C04F79EFBC}") = "ConsoleApp2", "ConsoleApp2.csproj", "{ABB24DE8-0F62-4F91-BD62-CD4AFA50315B}"
EndProject
Global
	GlobalSection(SolutionConfigurationPlatforms) = preSolution
		Debug|Any CPU = Debug|Any CPU
		Release|Any CPU = Release|Any CPU
	EndGlobalSection
	GlobalSection(ProjectConfigurationPlatforms) = postSolution
		{ABB24DE8-0F62-4F91-BD62-CD4AFA50315B}.Debug|Any CPU.ActiveCfg = Debug|Any CPU
		{ABB24DE8-0F62-4F91-BD62-CD4AFA50315B}.Debug|Any CPU.Build.0 = Debug|Any CPU
		{ABB24DE8-0F62-4F91-BD62-CD4AFA50315B}.Release|Any CPU.ActiveCfg = Release|Any CPU
		{ABB24DE8-0F62-4F91-BD62-CD4AFA50315B}.Release|Any CPU.Build.0 = Release|Any CPU
	EndGlobalSection
	GlobalSection(SolutionProperties) = preSolution
		HideSolutionNode = FALSE
	EndGlobalSection
	GlobalSection(ExtensibilityGlobals) = postSolution
		SolutionGuid = {24617C58-DD9E-4C3D-9DC2-17C0FB73D8CB}
	EndGlobalSection
EndGlobal
