
Microsoft Visual Studio Solution File, Format Version 12.00
# Visual Studio Version 16
VisualStudioVersion = 16.0.31911.196
MinimumVisualStudioVersion = 10.0.40219.1
Project("{FAE04EC0-301F-11D3-BF4B-00C04F79EFBC}") = "Csharppp1", "Csharppp1.csproj", "{8377985A-DEB4-42DD-B846-3AF2E4375D15}"
EndProject
Global
	GlobalSection(SolutionConfigurationPlatforms) = preSolution
		Debug|Any CPU = Debug|Any CPU
		Release|Any CPU = Release|Any CPU
	EndGlobalSection
	GlobalSection(ProjectConfigurationPlatforms) = postSolution
		{8377985A-DEB4-42DD-B846-3AF2E4375D15}.Debug|Any CPU.ActiveCfg = Debug|Any CPU
		{8377985A-DEB4-42DD-B846-3AF2E4375D15}.Debug|Any CPU.Build.0 = Debug|Any CPU
		{8377985A-DEB4-42DD-B846-3AF2E4375D15}.Release|Any CPU.ActiveCfg = Release|Any CPU
		{8377985A-DEB4-42DD-B846-3AF2E4375D15}.Release|Any CPU.Build.0 = Release|Any CPU
	EndGlobalSection
	GlobalSection(SolutionProperties) = preSolution
		HideSolutionNode = FALSE
	EndGlobalSection
	GlobalSection(ExtensibilityGlobals) = postSolution
		SolutionGuid = {5ABD0390-8903-4422-A19E-45B39B013F36}
	EndGlobalSection
EndGlobal
