
Microsoft Visual Studio Solution File, Format Version 12.00
# Visual Studio Version 16
VisualStudioVersion = 16.0.31911.196
MinimumVisualStudioVersion = 10.0.40219.1
Project("{FAE04EC0-301F-11D3-BF4B-00C04F79EFBC}") = "Csharpp7", "Csharpp7.csproj", "{70A8C679-CC41-4941-A3CB-8C29280D985A}"
EndProject
Global
	GlobalSection(SolutionConfigurationPlatforms) = preSolution
		Debug|Any CPU = Debug|Any CPU
		Release|Any CPU = Release|Any CPU
	EndGlobalSection
	GlobalSection(ProjectConfigurationPlatforms) = postSolution
		{70A8C679-CC41-4941-A3CB-8C29280D985A}.Debug|Any CPU.ActiveCfg = Debug|Any CPU
		{70A8C679-CC41-4941-A3CB-8C29280D985A}.Debug|Any CPU.Build.0 = Debug|Any CPU
		{70A8C679-CC41-4941-A3CB-8C29280D985A}.Release|Any CPU.ActiveCfg = Release|Any CPU
		{70A8C679-CC41-4941-A3CB-8C29280D985A}.Release|Any CPU.Build.0 = Release|Any CPU
	EndGlobalSection
	GlobalSection(SolutionProperties) = preSolution
		HideSolutionNode = FALSE
	EndGlobalSection
	GlobalSection(ExtensibilityGlobals) = postSolution
		SolutionGuid = {8541CB3C-EAAB-42C9-B6EF-CE7489144A74}
	EndGlobalSection
EndGlobal
