
Microsoft Visual Studio Solution File, Format Version 12.00
# Visual Studio Version 16
VisualStudioVersion = 16.0.31911.196
MinimumVisualStudioVersion = 10.0.40219.1
Project("{FAE04EC0-301F-11D3-BF4B-00C04F79EFBC}") = "CSharpp2", "CSharpp2.csproj", "{3C883856-92A7-4823-BDB7-8F89EDF94CBF}"
EndProject
Global
	GlobalSection(SolutionConfigurationPlatforms) = preSolution
		Debug|Any CPU = Debug|Any CPU
		Release|Any CPU = Release|Any CPU
	EndGlobalSection
	GlobalSection(ProjectConfigurationPlatforms) = postSolution
		{3C883856-92A7-4823-BDB7-8F89EDF94CBF}.Debug|Any CPU.ActiveCfg = Debug|Any CPU
		{3C883856-92A7-4823-BDB7-8F89EDF94CBF}.Debug|Any CPU.Build.0 = Debug|Any CPU
		{3C883856-92A7-4823-BDB7-8F89EDF94CBF}.Release|Any CPU.ActiveCfg = Release|Any CPU
		{3C883856-92A7-4823-BDB7-8F89EDF94CBF}.Release|Any CPU.Build.0 = Release|Any CPU
	EndGlobalSection
	GlobalSection(SolutionProperties) = preSolution
		HideSolutionNode = FALSE
	EndGlobalSection
	GlobalSection(ExtensibilityGlobals) = postSolution
		SolutionGuid = {01ABEFC1-C5F3-45AF-BE86-0F46DD91AF43}
	EndGlobalSection
EndGlobal
