
Microsoft Visual Studio Solution File, Format Version 12.00
# Visual Studio Version 16
VisualStudioVersion = 16.0.31911.196
MinimumVisualStudioVersion = 10.0.40219.1
Project("{FAE04EC0-301F-11D3-BF4B-00C04F79EFBC}") = "WebApplication5", "WebApplication5.csproj", "{60E4B0BA-3498-4D3E-A610-344DF65EFADB}"
EndProject
Global
	GlobalSection(SolutionConfigurationPlatforms) = preSolution
		Debug|Any CPU = Debug|Any CPU
		Release|Any CPU = Release|Any CPU
	EndGlobalSection
	GlobalSection(ProjectConfigurationPlatforms) = postSolution
		{60E4B0BA-3498-4D3E-A610-344DF65EFADB}.Debug|Any CPU.ActiveCfg = Debug|Any CPU
		{60E4B0BA-3498-4D3E-A610-344DF65EFADB}.Debug|Any CPU.Build.0 = Debug|Any CPU
		{60E4B0BA-3498-4D3E-A610-344DF65EFADB}.Release|Any CPU.ActiveCfg = Release|Any CPU
		{60E4B0BA-3498-4D3E-A610-344DF65EFADB}.Release|Any CPU.Build.0 = Release|Any CPU
	EndGlobalSection
	GlobalSection(SolutionProperties) = preSolution
		HideSolutionNode = FALSE
	EndGlobalSection
	GlobalSection(ExtensibilityGlobals) = postSolution
		SolutionGuid = {1E9DC9E9-031E-4EF2-84D1-254EE325E5C2}
	EndGlobalSection
EndGlobal
