
Microsoft Visual Studio Solution File, Format Version 12.00
# Visual Studio Version 16
VisualStudioVersion = 16.0.31911.196
MinimumVisualStudioVersion = 10.0.40219.1
Project("{FAE04EC0-301F-11D3-BF4B-00C04F79EFBC}") = "Csharppp", "Csharppp.csproj", "{DB088481-CEDF-45D5-B76D-4ED8D34CB550}"
EndProject
Global
	GlobalSection(SolutionConfigurationPlatforms) = preSolution
		Debug|Any CPU = Debug|Any CPU
		Release|Any CPU = Release|Any CPU
	EndGlobalSection
	GlobalSection(ProjectConfigurationPlatforms) = postSolution
		{DB088481-CEDF-45D5-B76D-4ED8D34CB550}.Debug|Any CPU.ActiveCfg = Debug|Any CPU
		{DB088481-CEDF-45D5-B76D-4ED8D34CB550}.Debug|Any CPU.Build.0 = Debug|Any CPU
		{DB088481-CEDF-45D5-B76D-4ED8D34CB550}.Release|Any CPU.ActiveCfg = Release|Any CPU
		{DB088481-CEDF-45D5-B76D-4ED8D34CB550}.Release|Any CPU.Build.0 = Release|Any CPU
	EndGlobalSection
	GlobalSection(SolutionProperties) = preSolution
		HideSolutionNode = FALSE
	EndGlobalSection
	GlobalSection(ExtensibilityGlobals) = postSolution
		SolutionGuid = {5802849A-3793-4058-A10F-673315FC9BA8}
	EndGlobalSection
EndGlobal
